
Microsoft Visual Studio Solution File, Format Version 12.00
# Visual Studio Version 16
VisualStudioVersion = 16.0.31424.327
MinimumVisualStudioVersion = 10.0.40219.1
Project("{FAE04EC0-301F-11D3-BF4B-00C04F79EFBC}") = "WhatsUpp", "WhatsUpp\WhatsUpp.csproj", "{B2280E26-2FDD-4EB6-B139-1FF8488F0108}"
EndProject
Project("{FAE04EC0-301F-11D3-BF4B-00C04F79EFBC}") = "ConServer", "ConServer\ConServer.csproj", "{A9F9AAD9-A38C-4E60-A450-12DEAF277E87}"
EndProject
Global
	GlobalSection(SolutionConfigurationPlatforms) = preSolution
		Debug|Any CPU = Debug|Any CPU
		Release|Any CPU = Release|Any CPU
	EndGlobalSection
	GlobalSection(ProjectConfigurationPlatforms) = postSolution
		{B2280E26-2FDD-4EB6-B139-1FF8488F0108}.Debug|Any CPU.ActiveCfg = Debug|Any CPU
		{B2280E26-2FDD-4EB6-B139-1FF8488F0108}.Debug|Any CPU.Build.0 = Debug|Any CPU
		{B2280E26-2FDD-4EB6-B139-1FF8488F0108}.Release|Any CPU.ActiveCfg = Release|Any CPU
		{B2280E26-2FDD-4EB6-B139-1FF8488F0108}.Release|Any CPU.Build.0 = Release|Any CPU
		{A9F9AAD9-A38C-4E60-A450-12DEAF277E87}.Debug|Any CPU.ActiveCfg = Debug|Any CPU
		{A9F9AAD9-A38C-4E60-A450-12DEAF277E87}.Debug|Any CPU.Build.0 = Debug|Any CPU
		{A9F9AAD9-A38C-4E60-A450-12DEAF277E87}.Release|Any CPU.ActiveCfg = Release|Any CPU
		{A9F9AAD9-A38C-4E60-A450-12DEAF277E87}.Release|Any CPU.Build.0 = Release|Any CPU
	EndGlobalSection
	GlobalSection(SolutionProperties) = preSolution
		HideSolutionNode = FALSE
	EndGlobalSection
	GlobalSection(ExtensibilityGlobals) = postSolution
		SolutionGuid = {D0D4F32F-F360-4420-8703-489CD393D9F2}
	EndGlobalSection
EndGlobal
